
Microsoft Visual Studio Solution File, Format Version 12.00
# Visual Studio Version 17
VisualStudioVersion = 17.5.33424.131
MinimumVisualStudioVersion = 10.0.40219.1
Project("{9A19103F-16F7-4668-BE54-9A1E7A4F7556}") = "Calculator", "Calculator\Calculator.csproj", "{EE77FA31-8022-4CBC-97AA-A8C28BC91F6E}"
EndProject
Project("{2150E333-8FDC-42A3-9474-1A3956D46DE8}") = "Solution Items", "Solution Items", "{8FBE0A28-F466-469F-9A81-BED4329ED133}"
	ProjectSection(SolutionItems) = preProject
		.editorconfig = .editorconfig
	EndProjectSection
EndProject
Project("{9A19103F-16F7-4668-BE54-9A1E7A4F7556}") = "Database", "Database\Database.csproj", "{F41540CD-B719-4717-B303-0C65B77BB44F}"
EndProject
Project("{9A19103F-16F7-4668-BE54-9A1E7A4F7556}") = "Models", "Models\Models.csproj", "{772631B6-E246-4831-8323-13A2777A2026}"
EndProject
Project("{9A19103F-16F7-4668-BE54-9A1E7A4F7556}") = "ExcelHelper", "ExcelHelper\ExcelHelper.csproj", "{5FB0EF1F-6649-4848-A2F3-6D28A2DD2518}"
EndProject
Project("{9A19103F-16F7-4668-BE54-9A1E7A4F7556}") = "QM.Inventory.TunnelsClient", "..\wms\QM.Inventory.TunnelsClient\QM.Inventory.TunnelsClient.csproj", "{F854EAAB-2FDC-40B1-8F6B-76C8571F1429}"
EndProject
Project("{9A19103F-16F7-4668-BE54-9A1E7A4F7556}") = "Tunnels.Core", "..\Tunnels\Tunnels.Core\Tunnels.Core.csproj", "{020F4DFD-301A-48F6-9777-AAA985416DD5}"
EndProject
Global
	GlobalSection(SolutionConfigurationPlatforms) = preSolution
		Debug|Any CPU = Debug|Any CPU
		Release|Any CPU = Release|Any CPU
	EndGlobalSection
	GlobalSection(ProjectConfigurationPlatforms) = postSolution
		{EE77FA31-8022-4CBC-97AA-A8C28BC91F6E}.Debug|Any CPU.ActiveCfg = Debug|Any CPU
		{EE77FA31-8022-4CBC-97AA-A8C28BC91F6E}.Debug|Any CPU.Build.0 = Debug|Any CPU
		{EE77FA31-8022-4CBC-97AA-A8C28BC91F6E}.Release|Any CPU.ActiveCfg = Release|Any CPU
		{EE77FA31-8022-4CBC-97AA-A8C28BC91F6E}.Release|Any CPU.Build.0 = Release|Any CPU
		{F41540CD-B719-4717-B303-0C65B77BB44F}.Debug|Any CPU.ActiveCfg = Debug|Any CPU
		{F41540CD-B719-4717-B303-0C65B77BB44F}.Debug|Any CPU.Build.0 = Debug|Any CPU
		{F41540CD-B719-4717-B303-0C65B77BB44F}.Release|Any CPU.ActiveCfg = Release|Any CPU
		{F41540CD-B719-4717-B303-0C65B77BB44F}.Release|Any CPU.Build.0 = Release|Any CPU
		{772631B6-E246-4831-8323-13A2777A2026}.Debug|Any CPU.ActiveCfg = Debug|Any CPU
		{772631B6-E246-4831-8323-13A2777A2026}.Debug|Any CPU.Build.0 = Debug|Any CPU
		{772631B6-E246-4831-8323-13A2777A2026}.Release|Any CPU.ActiveCfg = Release|Any CPU
		{772631B6-E246-4831-8323-13A2777A2026}.Release|Any CPU.Build.0 = Release|Any CPU
		{5FB0EF1F-6649-4848-A2F3-6D28A2DD2518}.Debug|Any CPU.ActiveCfg = Debug|Any CPU
		{5FB0EF1F-6649-4848-A2F3-6D28A2DD2518}.Debug|Any CPU.Build.0 = Debug|Any CPU
		{5FB0EF1F-6649-4848-A2F3-6D28A2DD2518}.Release|Any CPU.ActiveCfg = Release|Any CPU
		{5FB0EF1F-6649-4848-A2F3-6D28A2DD2518}.Release|Any CPU.Build.0 = Release|Any CPU
		{F854EAAB-2FDC-40B1-8F6B-76C8571F1429}.Debug|Any CPU.ActiveCfg = Debug|Any CPU
		{F854EAAB-2FDC-40B1-8F6B-76C8571F1429}.Debug|Any CPU.Build.0 = Debug|Any CPU
		{F854EAAB-2FDC-40B1-8F6B-76C8571F1429}.Release|Any CPU.ActiveCfg = Release|Any CPU
		{F854EAAB-2FDC-40B1-8F6B-76C8571F1429}.Release|Any CPU.Build.0 = Release|Any CPU
		{020F4DFD-301A-48F6-9777-AAA985416DD5}.Debug|Any CPU.ActiveCfg = Debug|Any CPU
		{020F4DFD-301A-48F6-9777-AAA985416DD5}.Debug|Any CPU.Build.0 = Debug|Any CPU
		{020F4DFD-301A-48F6-9777-AAA985416DD5}.Release|Any CPU.ActiveCfg = Release|Any CPU
		{020F4DFD-301A-48F6-9777-AAA985416DD5}.Release|Any CPU.Build.0 = Release|Any CPU
	EndGlobalSection
	GlobalSection(SolutionProperties) = preSolution
		HideSolutionNode = FALSE
	EndGlobalSection
	GlobalSection(ExtensibilityGlobals) = postSolution
		SolutionGuid = {532F82E2-6418-458C-A5FF-9D5B11844D6B}
	EndGlobalSection
EndGlobal
